<?xml version="1.0" encoding="UTF-8" standalone="yes" ?>
<CodeBlocks_project_file>
	<FileVersion major="1" minor="6" />
	<Project>
		<Option title="libPN" />
		<Option pch_mode="2" />
		<Option compiler="gcc" />
		<Build>
			<Target title="Debug">
				<Option output="bin/Debug/libPN" prefix_auto="1" extension_auto="1" />
				<Option object_output="obj/Debug/" />
				<Option type="1" />
				<Option compiler="gcc" />
				<Compiler>
					<Add option="-std=c++11" />
					<Add option="-g" />
				</Compiler>
				<Linker>
					<Add library="/usr/lib/x86_64-linux-gnu/libpthread.so" />
				</Linker>
			</Target>
			<Target title="Release">
				<Option output="bin/Release/libPN" prefix_auto="1" extension_auto="1" />
				<Option object_output="obj/Release/" />
				<Option type="1" />
				<Option compiler="gcc" />
				<Compiler>
					<Add option="-O2" />
				</Compiler>
				<Linker>
					<Add option="-s" />
				</Linker>
			</Target>
		</Build>
		<Compiler>
			<Add option="-Wall" />
		</Compiler>
		<Unit filename="PNEpoll.cpp" />
		<Unit filename="PNEpoll.h" />
		<Unit filename="PNEvent.cpp" />
		<Unit filename="PNEvent.h" />
		<Unit filename="PNEventLoop.cpp" />
		<Unit filename="PNEventLoop.h" />
		<Unit filename="PNEventLoopThread.cpp" />
		<Unit filename="PNEventLoopThread.h" />
		<Unit filename="PNTimeStamp.cpp" />
		<Unit filename="PNTimeStamp.h" />
		<Unit filename="PNTimer.cpp" />
		<Unit filename="PNTimer.h" />
		<Unit filename="PNTimerId.h" />
		<Unit filename="PNTimerQueue.cpp" />
		<Unit filename="PNTimerQueue.h" />
		<Unit filename="PNtype.h" />
		<Unit filename="Tester/test06.cpp" />
		<Extensions>
			<code_completion />
			<envvars />
			<lib_finder disable_auto="1" />
			<debugger />
		</Extensions>
	</Project>
</CodeBlocks_project_file>
